{
  "name": "api",
  "version": "1.0.0",
  "lockfileVersion": 3,
  "requires": true,
  "packages": {
    "": {
      "name": "api",
      "version": "1.0.0",
      "license": "ISC",
      "dependencies": {
        "js-base64": "^3.7.8",
        "mime-db": "^1.52.0",
        "mime-types": "^2.1.35",
        "mimetext": "^3.0.28"
      },
      "devDependencies": {}
    },
    "node_modules/@babel/runtime": {
      "version": "7.29.2",
      "license": "MIT",
      "engines": {
        "node": ">=6.9.0"
      }
    },
    "node_modules/@babel/runtime-corejs3": {
      "version": "7.29.2",
      "license": "MIT",
      "dependencies": {
        "core-js-pure": "^3.48.0"
      },
      "engines": {
        "node": ">=6.9.0"
      }
    },
    "node_modules/@babel/runtime-corejs3/node_modules/core-js-pure": {
      "version": "3.49.0",
      "resolved": "https://registry.npmjs.org/core-js-pure/-/core-js-pure-3.49.0.tgz",
      "integrity": "sha512-XM4RFka59xATyJv/cS3O3Kml72hQXUeGRuuTmMYFxwzc9/7C8OYTaIR/Ji+Yt8DXzsFLNhat15cE/JP15HrCgw==",
      "hasInstallScript": true,
      "license": "MIT",
      "funding": {
        "type": "opencollective",
        "url": "https://opencollective.com/core-js"
      }
    },
    "node_modules/js-base64": {
      "version": "3.7.8",
      "license": "BSD-3-Clause"
    },
    "node_modules/mime-db": {
      "version": "1.52.0",
      "license": "MIT",
      "engines": {
        "node": ">= 0.6"
      }
    },
    "node_modules/mime-types": {
      "version": "2.1.35",
      "license": "MIT",
      "dependencies": {
        "mime-db": "1.52.0"
      },
      "engines": {
        "node": ">= 0.6"
      }
    },
    "node_modules/mimetext": {
      "version": "3.0.28",
      "resolved": "https://registry.npmjs.org/mimetext/-/mimetext-3.0.28.tgz",
      "integrity": "sha512-eQXpbNrtxLCjUtiVbR/qR09dbPgZ2o+KR1uA7QKqGhbn8QV7HIL16mXXsobBL4/8TqoYh1us31kfz+dNfCev9g==",
      "license": "MIT",
      "dependencies": {
        "@babel/runtime": "^7.26.0",
        "@babel/runtime-corejs3": "^7.26.0",
        "js-base64": "^3.7.7",
        "mime-types": "^2.1.35"
      },
      "funding": {
        "type": "patreon",
        "url": "https://patreon.com/muratgozel"
      }
    }
  }
}
